// !$*UTF8*$!
{
	archiveVersion = 1;
	classes = {
	};
	objectVersion = 50;
	objects = {

/* Begin PBXBuildFile section */
		A92EE59F23C02B3B001C6627 /* AppDelegate.swift in Sources */ = {isa = PBXBuildFile; fileRef = A92EE59E23C02B3B001C6627 /* AppDelegate.swift */; };
		A92EE5A123C02B3B001C6627 /* SceneDelegate.swift in Sources */ = {isa = PBXBuildFile; fileRef = A92EE5A023C02B3B001C6627 /* SceneDelegate.swift */; };
		A92EE5A323C02B3B001C6627 /* ViewController.swift in Sources */ = {isa = PBXBuildFile; fileRef = A92EE5A223C02B3B001C6627 /* ViewController.swift */; };
		A92EE5A623C02B3B001C6627 /* Main.storyboard in Resources */ = {isa = PBXBuildFile; fileRef = A92EE5A423C02B3B001C6627 /* Main.storyboard */; };
		A92EE5A823C02B3C001C6627 /* Assets.xcassets in Resources */ = {isa = PBXBuildFile; fileRef = A92EE5A723C02B3C001C6627 /* Assets.xcassets */; };
		A92EE5AB23C02B3C001C6627 /* LaunchScreen.storyboard in Resources */ = {isa = PBXBuildFile; fileRef = A92EE5A923C02B3C001C6627 /* LaunchScreen.storyboard */; };
/* End PBXBuildFile section */

/* Begin PBXFileReference section */
		A92EE59B23C02B3B001C6627 /* WeakandUnownedSelfClosure.app */ = {isa = PBXFileReference; explicitFileType = wrapper.application; includeInIndex = 0; path = WeakandUnownedSelfClosure.app; sourceTree = BUILT_PRODUCTS_DIR; };
		A92EE59E23C02B3B001C6627 /* AppDelegate.swift */ = {isa = PBXFileReference; lastKnownFileType = sourcecode.swift; path = AppDelegate.swift; sourceTree = "<group>"; };
		A92EE5A023C02B3B001C6627 /* SceneDelegate.swift */ = {isa = PBXFileReference; lastKnownFileType = sourcecode.swift; path = SceneDelegate.swift; sourceTree = "<group>"; };
		A92EE5A223C02B3B001C6627 /* ViewController.swift */ = {isa = PBXFileReference; lastKnownFileType = sourcecode.swift; path = ViewController.swift; sourceTree = "<group>"; };
		A92EE5A523C02B3B001C6627 /* Base */ = {isa = PBXFileReference; lastKnownFileType = file.storyboard; name = Base; path = Base.lproj/Main.storyboard; sourceTree = "<group>"; };
		A92EE5A723C02B3C001C6627 /* Assets.xcassets */ = {isa = PBXFileReference; lastKnownFileType = folder.assetcatalog; path = Assets.xcassets; sourceTree = "<group>"; };
		A92EE5AA23C02B3C001C6627 /* Base */ = {isa = PBXFileReference; lastKnownFileType = file.storyboard; name = Base; path = Base.lproj/LaunchScreen.storyboard; sourceTree = "<group>"; };
		A92EE5AC23C02B3C001C6627 /* Info.plist */ = {isa = PBXFileReference; lastKnownFileType = text.plist.xml; path = Info.plist; sourceTree = "<group>"; };
/* End PBXFileReference section */

/* Begin PBXFrameworksBuildPhase section */
		A92EE59823C02B3B001C6627 /* Frameworks */ = {
			isa = PBXFrameworksBuildPhase;
			buildActionMask = 2147483647;
			files = (
			);
			runOnlyForDeploymentPostprocessing = 0;
		};
/* End PBXFrameworksBuildPhase section */

/* Begin PBXGroup section */
		A92EE59223C02B3A001C6627 = {
			isa = PBXGroup;
			children = (
				A92EE59D23C02B3B001C6627 /* WeakandUnownedSelfClosure */,
				A92EE59C23C02B3B001C6627 /* Products */,
			);
			sourceTree = "<group>";
		};
		A92EE59C23C02B3B001C6627 /* Products */ = {
			isa = PBXGroup;
			children = (
				A92EE59B23C02B3B001C6627 /* WeakandUnownedSelfClosure.app */,
			);
			name = Products;
			sourceTree = "<group>";
		};
		A92EE59D23C02B3B001C6627 /* WeakandUnownedSelfClosure */ = {
			isa = PBXGroup;
			children = (
				A92EE59E23C02B3B001C6627 /* AppDelegate.swift */,
				A92EE5A023C02B3B001C6627 /* SceneDelegate.swift */,
				A92EE5A223C02B3B001C6627 /* ViewController.swift */,
				A92EE5A423C02B3B001C6627 /* Main.storyboard */,
				A92EE5A723C02B3C001C6627 /* Assets.xcassets */,
				A92EE5A923C02B3C001C6627 /* LaunchScreen.storyboard */,
				A92EE5AC23C02B3C001C6627 /* Info.plist */,
			);
			path = WeakandUnownedSelfClosure;
			sourceTree = "<group>";
		};
/* End PBXGroup section */

/* Begin PBXNativeTarget section */
		A92EE59A23C02B3B001C6627 /* WeakandUnownedSelfClosure */ = {
			isa = PBXNativeTarget;
			buildConfigurationList = A92EE5AF23C02B3C001C6627 /* Build configuration list for PBXNativeTarget "WeakandUnownedSelfClosure" */;
			buildPhases = (
				A92EE59723C02B3B001C6627 /* Sources */,
				A92EE59823C02B3B001C6627 /* Frameworks */,
				A92EE59923C02B3B001C6627 /* Resources */,
			);
			buildRules = (
			);
			dependencies = (
			);
			name = WeakandUnownedSelfClosure;
			productName = WeakandUnownedSelfClosure;
			productReference = A92EE59B23C02B3B001C6627 /* WeakandUnownedSelfClosure.app */;
			productType = "com.apple.product-type.application";
		};
/* End PBXNativeTarget section */

/* Begin PBXProject section */
		A92EE59323C02B3A001C6627 /* Project object */ = {
			isa = PBXProject;
			attributes = {
				LastSwiftUpdateCheck = 1110;
				LastUpgradeCheck = 1110;
				ORGANIZATIONNAME = "Bhushan  Borse";
				TargetAttributes = {
					A92EE59A23C02B3B001C6627 = {
						CreatedOnToolsVersion = 11.1;
					};
				};
			};
			buildConfigurationList = A92EE59623C02B3A001C6627 /* Build configuration list for PBXProject "WeakandUnownedSelfClosure" */;
			compatibilityVersion = "Xcode 9.3";
			developmentRegion = en;
			hasScannedForEncodings = 0;
			knownRegions = (
				en,
				Base,
			);
			mainGroup = A92EE59223C02B3A001C6627;
			productRefGroup = A92EE59C23C02B3B001C6627 /* Products */;
			projectDirPath = "";
			projectRoot = "";
			targets = (
				A92EE59A23C02B3B001C6627 /* WeakandUnownedSelfClosure */,
			);
		};
/* End PBXProject section */

/* Begin PBXResourcesBuildPhase section */
		A92EE59923C02B3B001C6627 /* Resources */ = {
			isa = PBXResourcesBuildPhase;
			buildActionMask = 2147483647;
			files = (
				A92EE5AB23C02B3C001C6627 /* LaunchScreen.storyboard in Resources */,
				A92EE5A823C02B3C001C6627 /* Assets.xcassets in Resources */,
				A92EE5A623C02B3B001C6627 /* Main.storyboard in Resources */,
			);
			runOnlyForDeploymentPostprocessing = 0;
		};
/* End PBXResourcesBuildPhase section */

/* Begin PBXSourcesBuildPhase section */
		A92EE59723C02B3B001C6627 /* Sources */ = {
			isa = PBXSourcesBuildPhase;
			buildActionMask = 2147483647;
			files = (
				A92EE5A323C02B3B001C6627 /* ViewController.swift in Sources */,
				A92EE59F23C02B3B001C6627 /* AppDelegate.swift in Sources */,
				A92EE5A123C02B3B001C6627 /* SceneDelegate.swift in Sources */,
			);
			runOnlyForDeploymentPostprocessing = 0;
		};
/* End PBXSourcesBuildPhase section */

/* Begin PBXVariantGroup section */
		A92EE5A423C02B3B001C6627 /* Main.storyboard */ = {
			isa = PBXVariantGroup;
			children = (
				A92EE5A523C02B3B001C6627 /* Base */,
			);
			name = Main.storyboard;
			sourceTree = "<group>";
		};
		A92EE5A923C02B3C001C6627 /* LaunchScreen.storyboard */ = {
			isa = PBXVariantGroup;
			children = (
				A92EE5AA23C02B3C001C6627 /* Base */,
			);
			name = LaunchScreen.storyboard;
			sourceTree = "<group>";
		};
/* End PBXVariantGroup section */

/* Begin XCBuildConfiguration section */
		A92EE5AD23C02B3C001C6627 /* Debug */ = {
			isa = XCBuildConfiguration;
			buildSettings = {
				ALWAYS_SEARCH_USER_PATHS = NO;
				CLANG_ANALYZER_NONNULL = YES;
				CLANG_ANALYZER_NUMBER_OBJECT_CONVERSION = YES_AGGRESSIVE;
				CLANG_CXX_LANGUAGE_STANDARD = "gnu++14";
				CLANG_CXX_LIBRARY = "libc++";
				CLANG_ENABLE_MODULES = YES;
				CLANG_ENABLE_OBJC_ARC = YES;
				CLANG_ENABLE_OBJC_WEAK = YES;
				CLANG_WARN_BLOCK_CAPTURE_AUTORELEASING = YES;
				CLANG_WARN_BOOL_CONVERSION = YES;
				CLANG_WARN_COMMA = YES;
				CLANG_WARN_CONSTANT_CONVERSION = YES;
				CLANG_WARN_DEPRECATED_OBJC_IMPLEMENTATIONS = YES;
				CLANG_WARN_DIRECT_OBJC_ISA_USAGE = YES_ERROR;
				CLANG_WARN_DOCUMENTATION_COMMENTS = YES;
				CLANG_WARN_EMPTY_BODY = YES;
				CLANG_WARN_ENUM_CONVERSION = YES;
				CLANG_WARN_INFINITE_RECURSION = YES;
				CLANG_WARN_INT_CONVERSION = YES;
				CLANG_WARN_NON_LITERAL_NULL_CONVERSION = YES;
				CLANG_WARN_OBJC_IMPLICIT_RETAIN_SELF = YES;
				CLANG_WARN_OBJC_LITERAL_CONVERSION = YES;
				CLANG_WARN_OBJC_ROOT_CLASS = YES_ERROR;
				CLANG_WARN_RANGE_LOOP_ANALYSIS = YES;
				CLANG_WARN_STRICT_PROTOTYPES = YES;
				CLANG_WARN_SUSPICIOUS_MOVE = YES;
				CLANG_WARN_UNGUARDED_AVAILABILITY = YES_AGGRESSIVE;
				CLANG_WARN_UNREACHABLE_CODE = YES;
				CLANG_WARN__DUPLICATE_METHOD_MATCH = YES;
				COPY_PHASE_STRIP = NO;
				DEBUG_INFORMATION_FORMAT = dwarf;
				ENABLE_STRICT_OBJC_MSGSEND = YES;
				ENABLE_TESTABILITY = YES;
				GCC_C_LANGUAGE_STANDARD = gnu11;
				GCC_DYNAMIC_NO_PIC = NO;
				GCC_NO_COMMON_BLOCKS = YES;
				GCC_OPTIMIZATION_LEVEL = 0;
				GCC_PREPROCESSOR_DEFINITIONS = (
					"DEBUG=1",
					"$(inherited)",
				);
				GCC_WARN_64_TO_32_BIT_CONVERSION = YES;
				GCC_WARN_ABOUT_RETURN_TYPE = YES_ERROR;
				GCC_WARN_UNDECLARED_SELECTOR = YES;
				GCC_WARN_UNINITIALIZED_AUTOS = YES_AGGRESSIVE;
				GCC_WARN_UNUSED_FUNCTION = YES;
				GCC_WARN_UNUSED_VARIABLE = YES;
				IPHONEOS_DEPLOYMENT_TARGET = 13.1;
				MTL_ENABLE_DEBUG_INFO = INCLUDE_SOURCE;
				MTL_FAST_MATH = YES;
				ONLY_ACTIVE_ARCH = YES;
				SDKROOT = iphoneos;
				SWIFT_ACTIVE_COMPILATION_CONDITIONS = DEBUG;
				SWIFT_OPTIMIZATION_LEVEL = "-Onone";
			};
			name = Debug;
		};
		A92EE5AE23C02B3C001C6627 /* Release */ = {
			isa = XCBuildConfiguration;
			buildSettings = {
				ALWAYS_SEARCH_USER_PATHS = NO;
				CLANG_ANALYZER_NONNULL = YES;
				CLANG_ANALYZER_NUMBER_OBJECT_CONVERSION = YES_AGGRESSIVE;
				CLANG_CXX_LANGUAGE_STANDARD = "gnu++14";
				CLANG_CXX_LIBRARY = "libc++";
				CLANG_ENABLE_MODULES = YES;
				CLANG_ENABLE_OBJC_ARC = YES;
				CLANG_ENABLE_OBJC_WEAK = YES;
				CLANG_WARN_BLOCK_CAPTURE_AUTORELEASING = YES;
				CLANG_WARN_BOOL_CONVERSION = YES;
				CLANG_WARN_COMMA = YES;
				CLANG_WARN_CONSTANT_CONVERSION = YES;
				CLANG_WARN_DEPRECATED_OBJC_IMPLEMENTATIONS = YES;
				CLANG_WARN_DIRECT_OBJC_ISA_USAGE = YES_ERROR;
				CLANG_WARN_DOCUMENTATION_COMMENTS = YES;
				CLANG_WARN_EMPTY_BODY = YES;
				CLANG_WARN_ENUM_CONVERSION = YES;
				CLANG_WARN_INFINITE_RECURSION = YES;
				CLANG_WARN_INT_CONVERSION = YES;
				CLANG_WARN_NON_LITERAL_NULL_CONVERSION = YES;
				CLANG_WARN_OBJC_IMPLICIT_RETAIN_SELF = YES;
				CLANG_WARN_OBJC_LITERAL_CONVERSION = YES;
				CLANG_WARN_OBJC_ROOT_CLASS = YES_ERROR;
				CLANG_WARN_RANGE_LOOP_ANALYSIS = YES;
				CLANG_WARN_STRICT_PROTOTYPES = YES;
				CLANG_WARN_SUSPICIOUS_MOVE = YES;
				CLANG_WARN_UNGUARDED_AVAILABILITY = YES_AGGRESSIVE;
				CLANG_WARN_UNREACHABLE_CODE = YES;
				CLANG_WARN__DUPLICATE_METHOD_MATCH = YES;
				COPY_PHASE_STRIP = NO;
				DEBUG_INFORMATION_FORMAT = "dwarf-with-dsym";
				ENABLE_NS_ASSERTIONS = NO;
				ENABLE_STRICT_OBJC_MSGSEND = YES;
				GCC_C_LANGUAGE_STANDARD = gnu11;
				GCC_NO_COMMON_BLOCKS = YES;
				GCC_WARN_64_TO_32_BIT_CONVERSION = YES;
				GCC_WARN_ABOUT_RETURN_TYPE = YES_ERROR;
				GCC_WARN_UNDECLARED_SELECTOR = YES;
				GCC_WARN_UNINITIALIZED_AUTOS = YES_AGGRESSIVE;
				GCC_WARN_UNUSED_FUNCTION = YES;
				GCC_WARN_UNUSED_VARIABLE = YES;
				IPHONEOS_DEPLOYMENT_TARGET = 13.1;
				MTL_ENABLE_DEBUG_INFO = NO;
				MTL_FAST_MATH = YES;
				SDKROOT = iphoneos;
				SWIFT_COMPILATION_MODE = wholemodule;
				SWIFT_OPTIMIZATION_LEVEL = "-O";
				VALIDATE_PRODUCT = YES;
			};
			name = Release;
		};
		A92EE5B023C02B3C001C6627 /* Debug */ = {
			isa = XCBuildConfiguration;
			buildSettings = {
				ASSETCATALOG_COMPILER_APPICON_NAME = AppIcon;
				CODE_SIGN_STYLE = Automatic;
				INFOPLIST_FILE = WeakandUnownedSelfClosure/Info.plist;
				LD_RUNPATH_SEARCH_PATHS = (
					"$(inherited)",
					"@executable_path/Frameworks",
				);
				PRODUCT_BUNDLE_IDENTIFIER = Maharudra.WeakandUnownedSelfClosure;
				PRODUCT_NAME = "$(TARGET_NAME)";
				SWIFT_VERSION = 5.0;
				TARGETED_DEVICE_FAMILY = "1,2";
			};
			name = Debug;
		};
		A92EE5B123C02B3C001C6627 /* Release */ = {
			isa = XCBuildConfiguration;
			buildSettings = {
				ASSETCATALOG_COMPILER_APPICON_NAME = AppIcon;
				CODE_SIGN_STYLE = Automatic;
				INFOPLIST_FILE = WeakandUnownedSelfClosure/Info.plist;
				LD_RUNPATH_SEARCH_PATHS = (
					"$(inherited)",
					"@executable_path/Frameworks",
				);
				PRODUCT_BUNDLE_IDENTIFIER = Maharudra.WeakandUnownedSelfClosure;
				PRODUCT_NAME = "$(TARGET_NAME)";
				SWIFT_VERSION = 5.0;
				TARGETED_DEVICE_FAMILY = "1,2";
			};
			name = Release;
		};
/* End XCBuildConfiguration section */

/* Begin XCConfigurationList section */
		A92EE59623C02B3A001C6627 /* Build configuration list for PBXProject "WeakandUnownedSelfClosure" */ = {
			isa = XCConfigurationList;
			buildConfigurations = (
				A92EE5AD23C02B3C001C6627 /* Debug */,
				A92EE5AE23C02B3C001C6627 /* Release */,
			);
			defaultConfigurationIsVisible = 0;
			defaultConfigurationName = Release;
		};
		A92EE5AF23C02B3C001C6627 /* Build configuration list for PBXNativeTarget "WeakandUnownedSelfClosure" */ = {
			isa = XCConfigurationList;
			buildConfigurations = (
				A92EE5B023C02B3C001C6627 /* Debug */,
				A92EE5B123C02B3C001C6627 /* Release */,
			);
			defaultConfigurationIsVisible = 0;
			defaultConfigurationName = Release;
		};
/* End XCConfigurationList section */
	};
	rootObject = A92EE59323C02B3A001C6627 /* Project object */;
}
